// !$*UTF8*$!
{
	archiveVersion = 1;
	classes = {
	};
	objectVersion = 50;
	objects = {

/* Begin PBXBuildFile section */
		83016ACC247F0DB700173905 /* AppDelegate.swift in Sources */ = {isa = PBXBuildFile; fileRef = 83016ACB247F0DB700173905 /* AppDelegate.swift */; };
		83016ACE247F0DB700173905 /* SceneDelegate.swift in Sources */ = {isa = PBXBuildFile; fileRef = 83016ACD247F0DB700173905 /* SceneDelegate.swift */; };
		83016AD0247F0DB700173905 /* ContentView.swift in Sources */ = {isa = PBXBuildFile; fileRef = 83016ACF247F0DB700173905 /* ContentView.swift */; };
		83016AD2247F0DB800173905 /* Assets.xcassets in Resources */ = {isa = PBXBuildFile; fileRef = 83016AD1247F0DB800173905 /* Assets.xcassets */; };
		83016AD5247F0DB800173905 /* Preview Assets.xcassets in Resources */ = {isa = PBXBuildFile; fileRef = 83016AD4247F0DB800173905 /* Preview Assets.xcassets */; };
		83016AD8247F0DB800173905 /* LaunchScreen.storyboard in Resources */ = {isa = PBXBuildFile; fileRef = 83016AD6247F0DB800173905 /* LaunchScreen.storyboard */; };
		83016AE0247F0DEC00173905 /* GrowingTextView.swift in Sources */ = {isa = PBXBuildFile; fileRef = 83016ADF247F0DEC00173905 /* GrowingTextView.swift */; };
		83A2FADF247F145200096B39 /* MultilineTextView.swift in Sources */ = {isa = PBXBuildFile; fileRef = 83A2FADE247F145200096B39 /* MultilineTextView.swift */; };
		83A2FAE1247F248800096B39 /* KeyboardResponder.swift in Sources */ = {isa = PBXBuildFile; fileRef = 83A2FAE0247F248800096B39 /* KeyboardResponder.swift */; };
/* End PBXBuildFile section */

/* Begin PBXFileReference section */
		83016AC8247F0DB700173905 /* CustomTextView.app */ = {isa = PBXFileReference; explicitFileType = wrapper.application; includeInIndex = 0; path = CustomTextView.app; sourceTree = BUILT_PRODUCTS_DIR; };
		83016ACB247F0DB700173905 /* AppDelegate.swift */ = {isa = PBXFileReference; lastKnownFileType = sourcecode.swift; path = AppDelegate.swift; sourceTree = "<group>"; };
		83016ACD247F0DB700173905 /* SceneDelegate.swift */ = {isa = PBXFileReference; lastKnownFileType = sourcecode.swift; path = SceneDelegate.swift; sourceTree = "<group>"; };
		83016ACF247F0DB700173905 /* ContentView.swift */ = {isa = PBXFileReference; lastKnownFileType = sourcecode.swift; path = ContentView.swift; sourceTree = "<group>"; };
		83016AD1247F0DB800173905 /* Assets.xcassets */ = {isa = PBXFileReference; lastKnownFileType = folder.assetcatalog; path = Assets.xcassets; sourceTree = "<group>"; };
		83016AD4247F0DB800173905 /* Preview Assets.xcassets */ = {isa = PBXFileReference; lastKnownFileType = folder.assetcatalog; path = "Preview Assets.xcassets"; sourceTree = "<group>"; };
		83016AD7247F0DB800173905 /* Base */ = {isa = PBXFileReference; lastKnownFileType = file.storyboard; name = Base; path = Base.lproj/LaunchScreen.storyboard; sourceTree = "<group>"; };
		83016AD9247F0DB800173905 /* Info.plist */ = {isa = PBXFileReference; lastKnownFileType = text.plist.xml; path = Info.plist; sourceTree = "<group>"; };
		83016ADF247F0DEC00173905 /* GrowingTextView.swift */ = {isa = PBXFileReference; lastKnownFileType = sourcecode.swift; path = GrowingTextView.swift; sourceTree = "<group>"; };
		83A2FADE247F145200096B39 /* MultilineTextView.swift */ = {isa = PBXFileReference; lastKnownFileType = sourcecode.swift; path = MultilineTextView.swift; sourceTree = "<group>"; };
		83A2FAE0247F248800096B39 /* KeyboardResponder.swift */ = {isa = PBXFileReference; fileEncoding = 4; lastKnownFileType = sourcecode.swift; path = KeyboardResponder.swift; sourceTree = "<group>"; };
/* End PBXFileReference section */

/* Begin PBXFrameworksBuildPhase section */
		83016AC5247F0DB700173905 /* Frameworks */ = {
			isa = PBXFrameworksBuildPhase;
			buildActionMask = 2147483647;
			files = (
			);
			runOnlyForDeploymentPostprocessing = 0;
		};
/* End PBXFrameworksBuildPhase section */

/* Begin PBXGroup section */
		83016ABF247F0DB700173905 = {
			isa = PBXGroup;
			children = (
				83016ACA247F0DB700173905 /* CustomTextView */,
				83016AC9247F0DB700173905 /* Products */,
			);
			sourceTree = "<group>";
		};
		83016AC9247F0DB700173905 /* Products */ = {
			isa = PBXGroup;
			children = (
				83016AC8247F0DB700173905 /* CustomTextView.app */,
			);
			name = Products;
			sourceTree = "<group>";
		};
		83016ACA247F0DB700173905 /* CustomTextView */ = {
			isa = PBXGroup;
			children = (
				83A2FAE0247F248800096B39 /* KeyboardResponder.swift */,
				83016ADF247F0DEC00173905 /* GrowingTextView.swift */,
				83A2FADE247F145200096B39 /* MultilineTextView.swift */,
				83016ACB247F0DB700173905 /* AppDelegate.swift */,
				83016ACD247F0DB700173905 /* SceneDelegate.swift */,
				83016ACF247F0DB700173905 /* ContentView.swift */,
				83016AD1247F0DB800173905 /* Assets.xcassets */,
				83016AD6247F0DB800173905 /* LaunchScreen.storyboard */,
				83016AD9247F0DB800173905 /* Info.plist */,
				83016AD3247F0DB800173905 /* Preview Content */,
			);
			path = CustomTextView;
			sourceTree = "<group>";
		};
		83016AD3247F0DB800173905 /* Preview Content */ = {
			isa = PBXGroup;
			children = (
				83016AD4247F0DB800173905 /* Preview Assets.xcassets */,
			);
			path = "Preview Content";
			sourceTree = "<group>";
		};
/* End PBXGroup section */

/* Begin PBXNativeTarget section */
		83016AC7247F0DB700173905 /* CustomTextView */ = {
			isa = PBXNativeTarget;
			buildConfigurationList = 83016ADC247F0DB800173905 /* Build configuration list for PBXNativeTarget "CustomTextView" */;
			buildPhases = (
				83016AC4247F0DB700173905 /* Sources */,
				83016AC5247F0DB700173905 /* Frameworks */,
				83016AC6247F0DB700173905 /* Resources */,
			);
			buildRules = (
			);
			dependencies = (
			);
			name = CustomTextView;
			productName = CustomTextView;
			productReference = 83016AC8247F0DB700173905 /* CustomTextView.app */;
			productType = "com.apple.product-type.application";
		};
/* End PBXNativeTarget section */

/* Begin PBXProject section */
		83016AC0247F0DB700173905 /* Project object */ = {
			isa = PBXProject;
			attributes = {
				LastSwiftUpdateCheck = 1150;
				LastUpgradeCheck = 1150;
				ORGANIZATIONNAME = CodePika;
				TargetAttributes = {
					83016AC7247F0DB700173905 = {
						CreatedOnToolsVersion = 11.5;
					};
				};
			};
			buildConfigurationList = 83016AC3247F0DB700173905 /* Build configuration list for PBXProject "CustomTextView" */;
			compatibilityVersion = "Xcode 9.3";
			developmentRegion = en;
			hasScannedForEncodings = 0;
			knownRegions = (
				en,
				Base,
			);
			mainGroup = 83016ABF247F0DB700173905;
			productRefGroup = 83016AC9247F0DB700173905 /* Products */;
			projectDirPath = "";
			projectRoot = "";
			targets = (
				83016AC7247F0DB700173905 /* CustomTextView */,
			);
		};
/* End PBXProject section */

/* Begin PBXResourcesBuildPhase section */
		83016AC6247F0DB700173905 /* Resources */ = {
			isa = PBXResourcesBuildPhase;
			buildActionMask = 2147483647;
			files = (
				83016AD8247F0DB800173905 /* LaunchScreen.storyboard in Resources */,
				83016AD5247F0DB800173905 /* Preview Assets.xcassets in Resources */,
				83016AD2247F0DB800173905 /* Assets.xcassets in Resources */,
			);
			runOnlyForDeploymentPostprocessing = 0;
		};
/* End PBXResourcesBuildPhase section */

/* Begin PBXSourcesBuildPhase section */
		83016AC4247F0DB700173905 /* Sources */ = {
			isa = PBXSourcesBuildPhase;
			buildActionMask = 2147483647;
			files = (
				83A2FADF247F145200096B39 /* MultilineTextView.swift in Sources */,
				83016ACC247F0DB700173905 /* AppDelegate.swift in Sources */,
				83016ACE247F0DB700173905 /* SceneDelegate.swift in Sources */,
				83016AE0247F0DEC00173905 /* GrowingTextView.swift in Sources */,
				83016AD0247F0DB700173905 /* ContentView.swift in Sources */,
				83A2FAE1247F248800096B39 /* KeyboardResponder.swift in Sources */,
			);
			runOnlyForDeploymentPostprocessing = 0;
		};
/* End PBXSourcesBuildPhase section */

/* Begin PBXVariantGroup section */
		83016AD6247F0DB800173905 /* LaunchScreen.storyboard */ = {
			isa = PBXVariantGroup;
			children = (
				83016AD7247F0DB800173905 /* Base */,
			);
			name = LaunchScreen.storyboard;
			sourceTree = "<group>";
		};
/* End PBXVariantGroup section */

/* Begin XCBuildConfiguration section */
		83016ADA247F0DB800173905 /* Debug */ = {
			isa = XCBuildConfiguration;
			buildSettings = {
				ALWAYS_SEARCH_USER_PATHS = NO;
				CLANG_ANALYZER_NONNULL = YES;
				CLANG_ANALYZER_NUMBER_OBJECT_CONVERSION = YES_AGGRESSIVE;
				CLANG_CXX_LANGUAGE_STANDARD = "gnu++14";
				CLANG_CXX_LIBRARY = "libc++";
				CLANG_ENABLE_MODULES = YES;
				CLANG_ENABLE_OBJC_ARC = YES;
				CLANG_ENABLE_OBJC_WEAK = YES;
				CLANG_WARN_BLOCK_CAPTURE_AUTORELEASING = YES;
				CLANG_WARN_BOOL_CONVERSION = YES;
				CLANG_WARN_COMMA = YES;
				CLANG_WARN_CONSTANT_CONVERSION = YES;
				CLANG_WARN_DEPRECATED_OBJC_IMPLEMENTATIONS = YES;
				CLANG_WARN_DIRECT_OBJC_ISA_USAGE = YES_ERROR;
				CLANG_WARN_DOCUMENTATION_COMMENTS = YES;
				CLANG_WARN_EMPTY_BODY = YES;
				CLANG_WARN_ENUM_CONVERSION = YES;
				CLANG_WARN_INFINITE_RECURSION = YES;
				CLANG_WARN_INT_CONVERSION = YES;
				CLANG_WARN_NON_LITERAL_NULL_CONVERSION = YES;
				CLANG_WARN_OBJC_IMPLICIT_RETAIN_SELF = YES;
				CLANG_WARN_OBJC_LITERAL_CONVERSION = YES;
				CLANG_WARN_OBJC_ROOT_CLASS = YES_ERROR;
				CLANG_WARN_RANGE_LOOP_ANALYSIS = YES;
				CLANG_WARN_STRICT_PROTOTYPES = YES;
				CLANG_WARN_SUSPICIOUS_MOVE = YES;
				CLANG_WARN_UNGUARDED_AVAILABILITY = YES_AGGRESSIVE;
				CLANG_WARN_UNREACHABLE_CODE = YES;
				CLANG_WARN__DUPLICATE_METHOD_MATCH = YES;
				COPY_PHASE_STRIP = NO;
				DEBUG_INFORMATION_FORMAT = dwarf;
				ENABLE_STRICT_OBJC_MSGSEND = YES;
				ENABLE_TESTABILITY = YES;
				GCC_C_LANGUAGE_STANDARD = gnu11;
				GCC_DYNAMIC_NO_PIC = NO;
				GCC_NO_COMMON_BLOCKS = YES;
				GCC_OPTIMIZATION_LEVEL = 0;
				GCC_PREPROCESSOR_DEFINITIONS = (
					"DEBUG=1",
					"$(inherited)",
				);
				GCC_WARN_64_TO_32_BIT_CONVERSION = YES;
				GCC_WARN_ABOUT_RETURN_TYPE = YES_ERROR;
				GCC_WARN_UNDECLARED_SELECTOR = YES;
				GCC_WARN_UNINITIALIZED_AUTOS = YES_AGGRESSIVE;
				GCC_WARN_UNUSED_FUNCTION = YES;
				GCC_WARN_UNUSED_VARIABLE = YES;
				IPHONEOS_DEPLOYMENT_TARGET = 13.5;
				MTL_ENABLE_DEBUG_INFO = INCLUDE_SOURCE;
				MTL_FAST_MATH = YES;
				ONLY_ACTIVE_ARCH = YES;
				SDKROOT = iphoneos;
				SWIFT_ACTIVE_COMPILATION_CONDITIONS = DEBUG;
				SWIFT_OPTIMIZATION_LEVEL = "-Onone";
			};
			name = Debug;
		};
		83016ADB247F0DB800173905 /* Release */ = {
			isa = XCBuildConfiguration;
			buildSettings = {
				ALWAYS_SEARCH_USER_PATHS = NO;
				CLANG_ANALYZER_NONNULL = YES;
				CLANG_ANALYZER_NUMBER_OBJECT_CONVERSION = YES_AGGRESSIVE;
				CLANG_CXX_LANGUAGE_STANDARD = "gnu++14";
				CLANG_CXX_LIBRARY = "libc++";
				CLANG_ENABLE_MODULES = YES;
				CLANG_ENABLE_OBJC_ARC = YES;
				CLANG_ENABLE_OBJC_WEAK = YES;
				CLANG_WARN_BLOCK_CAPTURE_AUTORELEASING = YES;
				CLANG_WARN_BOOL_CONVERSION = YES;
				CLANG_WARN_COMMA = YES;
				CLANG_WARN_CONSTANT_CONVERSION = YES;
				CLANG_WARN_DEPRECATED_OBJC_IMPLEMENTATIONS = YES;
				CLANG_WARN_DIRECT_OBJC_ISA_USAGE = YES_ERROR;
				CLANG_WARN_DOCUMENTATION_COMMENTS = YES;
				CLANG_WARN_EMPTY_BODY = YES;
				CLANG_WARN_ENUM_CONVERSION = YES;
				CLANG_WARN_INFINITE_RECURSION = YES;
				CLANG_WARN_INT_CONVERSION = YES;
				CLANG_WARN_NON_LITERAL_NULL_CONVERSION = YES;
				CLANG_WARN_OBJC_IMPLICIT_RETAIN_SELF = YES;
				CLANG_WARN_OBJC_LITERAL_CONVERSION = YES;
				CLANG_WARN_OBJC_ROOT_CLASS = YES_ERROR;
				CLANG_WARN_RANGE_LOOP_ANALYSIS = YES;
				CLANG_WARN_STRICT_PROTOTYPES = YES;
				CLANG_WARN_SUSPICIOUS_MOVE = YES;
				CLANG_WARN_UNGUARDED_AVAILABILITY = YES_AGGRESSIVE;
				CLANG_WARN_UNREACHABLE_CODE = YES;
				CLANG_WARN__DUPLICATE_METHOD_MATCH = YES;
				COPY_PHASE_STRIP = NO;
				DEBUG_INFORMATION_FORMAT = "dwarf-with-dsym";
				ENABLE_NS_ASSERTIONS = NO;
				ENABLE_STRICT_OBJC_MSGSEND = YES;
				GCC_C_LANGUAGE_STANDARD = gnu11;
				GCC_NO_COMMON_BLOCKS = YES;
				GCC_WARN_64_TO_32_BIT_CONVERSION = YES;
				GCC_WARN_ABOUT_RETURN_TYPE = YES_ERROR;
				GCC_WARN_UNDECLARED_SELECTOR = YES;
				GCC_WARN_UNINITIALIZED_AUTOS = YES_AGGRESSIVE;
				GCC_WARN_UNUSED_FUNCTION = YES;
				GCC_WARN_UNUSED_VARIABLE = YES;
				IPHONEOS_DEPLOYMENT_TARGET = 13.5;
				MTL_ENABLE_DEBUG_INFO = NO;
				MTL_FAST_MATH = YES;
				SDKROOT = iphoneos;
				SWIFT_COMPILATION_MODE = wholemodule;
				SWIFT_OPTIMIZATION_LEVEL = "-O";
				VALIDATE_PRODUCT = YES;
			};
			name = Release;
		};
		83016ADD247F0DB800173905 /* Debug */ = {
			isa = XCBuildConfiguration;
			buildSettings = {
				ASSETCATALOG_COMPILER_APPICON_NAME = AppIcon;
				CODE_SIGN_STYLE = Automatic;
				DEVELOPMENT_ASSET_PATHS = "\"CustomTextView/Preview Content\"";
				DEVELOPMENT_TEAM = 45B3ZMSCD4;
				ENABLE_PREVIEWS = YES;
				INFOPLIST_FILE = CustomTextView/Info.plist;
				LD_RUNPATH_SEARCH_PATHS = (
					"$(inherited)",
					"@executable_path/Frameworks",
				);
				PRODUCT_BUNDLE_IDENTIFIER = com.codepika.CustomTextView;
				PRODUCT_NAME = "$(TARGET_NAME)";
				SWIFT_VERSION = 5.0;
				TARGETED_DEVICE_FAMILY = "1,2";
			};
			name = Debug;
		};
		83016ADE247F0DB800173905 /* Release */ = {
			isa = XCBuildConfiguration;
			buildSettings = {
				ASSETCATALOG_COMPILER_APPICON_NAME = AppIcon;
				CODE_SIGN_STYLE = Automatic;
				DEVELOPMENT_ASSET_PATHS = "\"CustomTextView/Preview Content\"";
				DEVELOPMENT_TEAM = 45B3ZMSCD4;
				ENABLE_PREVIEWS = YES;
				INFOPLIST_FILE = CustomTextView/Info.plist;
				LD_RUNPATH_SEARCH_PATHS = (
					"$(inherited)",
					"@executable_path/Frameworks",
				);
				PRODUCT_BUNDLE_IDENTIFIER = com.codepika.CustomTextView;
				PRODUCT_NAME = "$(TARGET_NAME)";
				SWIFT_VERSION = 5.0;
				TARGETED_DEVICE_FAMILY = "1,2";
			};
			name = Release;
		};
/* End XCBuildConfiguration section */

/* Begin XCConfigurationList section */
		83016AC3247F0DB700173905 /* Build configuration list for PBXProject "CustomTextView" */ = {
			isa = XCConfigurationList;
			buildConfigurations = (
				83016ADA247F0DB800173905 /* Debug */,
				83016ADB247F0DB800173905 /* Release */,
			);
			defaultConfigurationIsVisible = 0;
			defaultConfigurationName = Release;
		};
		83016ADC247F0DB800173905 /* Build configuration list for PBXNativeTarget "CustomTextView" */ = {
			isa = XCConfigurationList;
			buildConfigurations = (
				83016ADD247F0DB800173905 /* Debug */,
				83016ADE247F0DB800173905 /* Release */,
			);
			defaultConfigurationIsVisible = 0;
			defaultConfigurationName = Release;
		};
/* End XCConfigurationList section */
	};
	rootObject = 83016AC0247F0DB700173905 /* Project object */;
}
