// !$*UTF8*$!
{
	archiveVersion = 1;
	classes = {
	};
	objectVersion = 50;
	objects = {

/* Begin PBXBuildFile section */
		8328C0E024606B0C00B9570E /* KeyboardResponder.swift in Sources */ = {isa = PBXBuildFile; fileRef = 8328C0DF24606B0C00B9570E /* KeyboardResponder.swift */; };
		8328C0E22460893800B9570E /* DetailView.swift in Sources */ = {isa = PBXBuildFile; fileRef = 8328C0E12460893800B9570E /* DetailView.swift */; };
		839CA3B4245F13E100301CB3 /* AppDelegate.swift in Sources */ = {isa = PBXBuildFile; fileRef = 839CA3B3245F13E100301CB3 /* AppDelegate.swift */; };
		839CA3B6245F13E100301CB3 /* SceneDelegate.swift in Sources */ = {isa = PBXBuildFile; fileRef = 839CA3B5245F13E100301CB3 /* SceneDelegate.swift */; };
		839CA3B8245F13E100301CB3 /* ContentView.swift in Sources */ = {isa = PBXBuildFile; fileRef = 839CA3B7245F13E100301CB3 /* ContentView.swift */; };
		839CA3BA245F13E100301CB3 /* Assets.xcassets in Resources */ = {isa = PBXBuildFile; fileRef = 839CA3B9245F13E100301CB3 /* Assets.xcassets */; };
		839CA3BD245F13E100301CB3 /* Preview Assets.xcassets in Resources */ = {isa = PBXBuildFile; fileRef = 839CA3BC245F13E100301CB3 /* Preview Assets.xcassets */; };
		839CA3C0245F13E100301CB3 /* LaunchScreen.storyboard in Resources */ = {isa = PBXBuildFile; fileRef = 839CA3BE245F13E100301CB3 /* LaunchScreen.storyboard */; };
		839CA3C8245F141400301CB3 /* Photo.swift in Sources */ = {isa = PBXBuildFile; fileRef = 839CA3C7245F141400301CB3 /* Photo.swift */; };
		839CA3CA245F14B000301CB3 /* Photos.swift in Sources */ = {isa = PBXBuildFile; fileRef = 839CA3C9245F14B000301CB3 /* Photos.swift */; };
		839CA3CE245F4F7400301CB3 /* ImagePicker.swift in Sources */ = {isa = PBXBuildFile; fileRef = 839CA3CD245F4F7400301CB3 /* ImagePicker.swift */; };
		839CA3D0245F511F00301CB3 /* ImportView.swift in Sources */ = {isa = PBXBuildFile; fileRef = 839CA3CF245F511F00301CB3 /* ImportView.swift */; };
/* End PBXBuildFile section */

/* Begin PBXFileReference section */
		8328C0DF24606B0C00B9570E /* KeyboardResponder.swift */ = {isa = PBXFileReference; lastKnownFileType = sourcecode.swift; path = KeyboardResponder.swift; sourceTree = "<group>"; };
		8328C0E12460893800B9570E /* DetailView.swift */ = {isa = PBXFileReference; lastKnownFileType = sourcecode.swift; path = DetailView.swift; sourceTree = "<group>"; };
		839CA3B0245F13E100301CB3 /* PhotoRecall.app */ = {isa = PBXFileReference; explicitFileType = wrapper.application; includeInIndex = 0; path = PhotoRecall.app; sourceTree = BUILT_PRODUCTS_DIR; };
		839CA3B3245F13E100301CB3 /* AppDelegate.swift */ = {isa = PBXFileReference; lastKnownFileType = sourcecode.swift; path = AppDelegate.swift; sourceTree = "<group>"; };
		839CA3B5245F13E100301CB3 /* SceneDelegate.swift */ = {isa = PBXFileReference; lastKnownFileType = sourcecode.swift; path = SceneDelegate.swift; sourceTree = "<group>"; };
		839CA3B7245F13E100301CB3 /* ContentView.swift */ = {isa = PBXFileReference; lastKnownFileType = sourcecode.swift; path = ContentView.swift; sourceTree = "<group>"; };
		839CA3B9245F13E100301CB3 /* Assets.xcassets */ = {isa = PBXFileReference; lastKnownFileType = folder.assetcatalog; path = Assets.xcassets; sourceTree = "<group>"; };
		839CA3BC245F13E100301CB3 /* Preview Assets.xcassets */ = {isa = PBXFileReference; lastKnownFileType = folder.assetcatalog; path = "Preview Assets.xcassets"; sourceTree = "<group>"; };
		839CA3BF245F13E100301CB3 /* Base */ = {isa = PBXFileReference; lastKnownFileType = file.storyboard; name = Base; path = Base.lproj/LaunchScreen.storyboard; sourceTree = "<group>"; };
		839CA3C1245F13E100301CB3 /* Info.plist */ = {isa = PBXFileReference; lastKnownFileType = text.plist.xml; path = Info.plist; sourceTree = "<group>"; };
		839CA3C7245F141400301CB3 /* Photo.swift */ = {isa = PBXFileReference; lastKnownFileType = sourcecode.swift; path = Photo.swift; sourceTree = "<group>"; };
		839CA3C9245F14B000301CB3 /* Photos.swift */ = {isa = PBXFileReference; lastKnownFileType = sourcecode.swift; path = Photos.swift; sourceTree = "<group>"; };
		839CA3CD245F4F7400301CB3 /* ImagePicker.swift */ = {isa = PBXFileReference; fileEncoding = 4; lastKnownFileType = sourcecode.swift; path = ImagePicker.swift; sourceTree = "<group>"; };
		839CA3CF245F511F00301CB3 /* ImportView.swift */ = {isa = PBXFileReference; lastKnownFileType = sourcecode.swift; path = ImportView.swift; sourceTree = "<group>"; };
/* End PBXFileReference section */

/* Begin PBXFrameworksBuildPhase section */
		839CA3AD245F13E100301CB3 /* Frameworks */ = {
			isa = PBXFrameworksBuildPhase;
			buildActionMask = 2147483647;
			files = (
			);
			runOnlyForDeploymentPostprocessing = 0;
		};
/* End PBXFrameworksBuildPhase section */

/* Begin PBXGroup section */
		839CA3A7245F13E100301CB3 = {
			isa = PBXGroup;
			children = (
				839CA3B2245F13E100301CB3 /* PhotoRecall */,
				839CA3B1245F13E100301CB3 /* Products */,
			);
			sourceTree = "<group>";
		};
		839CA3B1245F13E100301CB3 /* Products */ = {
			isa = PBXGroup;
			children = (
				839CA3B0245F13E100301CB3 /* PhotoRecall.app */,
			);
			name = Products;
			sourceTree = "<group>";
		};
		839CA3B2245F13E100301CB3 /* PhotoRecall */ = {
			isa = PBXGroup;
			children = (
				8328C0DF24606B0C00B9570E /* KeyboardResponder.swift */,
				839CA3C7245F141400301CB3 /* Photo.swift */,
				839CA3C9245F14B000301CB3 /* Photos.swift */,
				839CA3B3245F13E100301CB3 /* AppDelegate.swift */,
				839CA3B5245F13E100301CB3 /* SceneDelegate.swift */,
				839CA3B7245F13E100301CB3 /* ContentView.swift */,
				8328C0E12460893800B9570E /* DetailView.swift */,
				839CA3CF245F511F00301CB3 /* ImportView.swift */,
				839CA3CD245F4F7400301CB3 /* ImagePicker.swift */,
				839CA3B9245F13E100301CB3 /* Assets.xcassets */,
				839CA3BE245F13E100301CB3 /* LaunchScreen.storyboard */,
				839CA3C1245F13E100301CB3 /* Info.plist */,
				839CA3BB245F13E100301CB3 /* Preview Content */,
			);
			path = PhotoRecall;
			sourceTree = "<group>";
		};
		839CA3BB245F13E100301CB3 /* Preview Content */ = {
			isa = PBXGroup;
			children = (
				839CA3BC245F13E100301CB3 /* Preview Assets.xcassets */,
			);
			path = "Preview Content";
			sourceTree = "<group>";
		};
/* End PBXGroup section */

/* Begin PBXNativeTarget section */
		839CA3AF245F13E100301CB3 /* PhotoRecall */ = {
			isa = PBXNativeTarget;
			buildConfigurationList = 839CA3C4245F13E100301CB3 /* Build configuration list for PBXNativeTarget "PhotoRecall" */;
			buildPhases = (
				839CA3AC245F13E100301CB3 /* Sources */,
				839CA3AD245F13E100301CB3 /* Frameworks */,
				839CA3AE245F13E100301CB3 /* Resources */,
			);
			buildRules = (
			);
			dependencies = (
			);
			name = PhotoRecall;
			productName = PhotoRecall;
			productReference = 839CA3B0245F13E100301CB3 /* PhotoRecall.app */;
			productType = "com.apple.product-type.application";
		};
/* End PBXNativeTarget section */

/* Begin PBXProject section */
		839CA3A8245F13E100301CB3 /* Project object */ = {
			isa = PBXProject;
			attributes = {
				LastSwiftUpdateCheck = 1140;
				LastUpgradeCheck = 1140;
				ORGANIZATIONNAME = CodePika;
				TargetAttributes = {
					839CA3AF245F13E100301CB3 = {
						CreatedOnToolsVersion = 11.4.1;
					};
				};
			};
			buildConfigurationList = 839CA3AB245F13E100301CB3 /* Build configuration list for PBXProject "PhotoRecall" */;
			compatibilityVersion = "Xcode 9.3";
			developmentRegion = en;
			hasScannedForEncodings = 0;
			knownRegions = (
				en,
				Base,
			);
			mainGroup = 839CA3A7245F13E100301CB3;
			productRefGroup = 839CA3B1245F13E100301CB3 /* Products */;
			projectDirPath = "";
			projectRoot = "";
			targets = (
				839CA3AF245F13E100301CB3 /* PhotoRecall */,
			);
		};
/* End PBXProject section */

/* Begin PBXResourcesBuildPhase section */
		839CA3AE245F13E100301CB3 /* Resources */ = {
			isa = PBXResourcesBuildPhase;
			buildActionMask = 2147483647;
			files = (
				839CA3C0245F13E100301CB3 /* LaunchScreen.storyboard in Resources */,
				839CA3BD245F13E100301CB3 /* Preview Assets.xcassets in Resources */,
				839CA3BA245F13E100301CB3 /* Assets.xcassets in Resources */,
			);
			runOnlyForDeploymentPostprocessing = 0;
		};
/* End PBXResourcesBuildPhase section */

/* Begin PBXSourcesBuildPhase section */
		839CA3AC245F13E100301CB3 /* Sources */ = {
			isa = PBXSourcesBuildPhase;
			buildActionMask = 2147483647;
			files = (
				839CA3D0245F511F00301CB3 /* ImportView.swift in Sources */,
				8328C0E22460893800B9570E /* DetailView.swift in Sources */,
				839CA3C8245F141400301CB3 /* Photo.swift in Sources */,
				839CA3B4245F13E100301CB3 /* AppDelegate.swift in Sources */,
				839CA3B6245F13E100301CB3 /* SceneDelegate.swift in Sources */,
				839CA3CE245F4F7400301CB3 /* ImagePicker.swift in Sources */,
				8328C0E024606B0C00B9570E /* KeyboardResponder.swift in Sources */,
				839CA3CA245F14B000301CB3 /* Photos.swift in Sources */,
				839CA3B8245F13E100301CB3 /* ContentView.swift in Sources */,
			);
			runOnlyForDeploymentPostprocessing = 0;
		};
/* End PBXSourcesBuildPhase section */

/* Begin PBXVariantGroup section */
		839CA3BE245F13E100301CB3 /* LaunchScreen.storyboard */ = {
			isa = PBXVariantGroup;
			children = (
				839CA3BF245F13E100301CB3 /* Base */,
			);
			name = LaunchScreen.storyboard;
			sourceTree = "<group>";
		};
/* End PBXVariantGroup section */

/* Begin XCBuildConfiguration section */
		839CA3C2245F13E100301CB3 /* Debug */ = {
			isa = XCBuildConfiguration;
			buildSettings = {
				ALWAYS_SEARCH_USER_PATHS = NO;
				CLANG_ANALYZER_NONNULL = YES;
				CLANG_ANALYZER_NUMBER_OBJECT_CONVERSION = YES_AGGRESSIVE;
				CLANG_CXX_LANGUAGE_STANDARD = "gnu++14";
				CLANG_CXX_LIBRARY = "libc++";
				CLANG_ENABLE_MODULES = YES;
				CLANG_ENABLE_OBJC_ARC = YES;
				CLANG_ENABLE_OBJC_WEAK = YES;
				CLANG_WARN_BLOCK_CAPTURE_AUTORELEASING = YES;
				CLANG_WARN_BOOL_CONVERSION = YES;
				CLANG_WARN_COMMA = YES;
				CLANG_WARN_CONSTANT_CONVERSION = YES;
				CLANG_WARN_DEPRECATED_OBJC_IMPLEMENTATIONS = YES;
				CLANG_WARN_DIRECT_OBJC_ISA_USAGE = YES_ERROR;
				CLANG_WARN_DOCUMENTATION_COMMENTS = YES;
				CLANG_WARN_EMPTY_BODY = YES;
				CLANG_WARN_ENUM_CONVERSION = YES;
				CLANG_WARN_INFINITE_RECURSION = YES;
				CLANG_WARN_INT_CONVERSION = YES;
				CLANG_WARN_NON_LITERAL_NULL_CONVERSION = YES;
				CLANG_WARN_OBJC_IMPLICIT_RETAIN_SELF = YES;
				CLANG_WARN_OBJC_LITERAL_CONVERSION = YES;
				CLANG_WARN_OBJC_ROOT_CLASS = YES_ERROR;
				CLANG_WARN_RANGE_LOOP_ANALYSIS = YES;
				CLANG_WARN_STRICT_PROTOTYPES = YES;
				CLANG_WARN_SUSPICIOUS_MOVE = YES;
				CLANG_WARN_UNGUARDED_AVAILABILITY = YES_AGGRESSIVE;
				CLANG_WARN_UNREACHABLE_CODE = YES;
				CLANG_WARN__DUPLICATE_METHOD_MATCH = YES;
				COPY_PHASE_STRIP = NO;
				DEBUG_INFORMATION_FORMAT = dwarf;
				ENABLE_STRICT_OBJC_MSGSEND = YES;
				ENABLE_TESTABILITY = YES;
				GCC_C_LANGUAGE_STANDARD = gnu11;
				GCC_DYNAMIC_NO_PIC = NO;
				GCC_NO_COMMON_BLOCKS = YES;
				GCC_OPTIMIZATION_LEVEL = 0;
				GCC_PREPROCESSOR_DEFINITIONS = (
					"DEBUG=1",
					"$(inherited)",
				);
				GCC_WARN_64_TO_32_BIT_CONVERSION = YES;
				GCC_WARN_ABOUT_RETURN_TYPE = YES_ERROR;
				GCC_WARN_UNDECLARED_SELECTOR = YES;
				GCC_WARN_UNINITIALIZED_AUTOS = YES_AGGRESSIVE;
				GCC_WARN_UNUSED_FUNCTION = YES;
				GCC_WARN_UNUSED_VARIABLE = YES;
				IPHONEOS_DEPLOYMENT_TARGET = 13.4;
				MTL_ENABLE_DEBUG_INFO = INCLUDE_SOURCE;
				MTL_FAST_MATH = YES;
				ONLY_ACTIVE_ARCH = YES;
				SDKROOT = iphoneos;
				SWIFT_ACTIVE_COMPILATION_CONDITIONS = DEBUG;
				SWIFT_OPTIMIZATION_LEVEL = "-Onone";
			};
			name = Debug;
		};
		839CA3C3245F13E100301CB3 /* Release */ = {
			isa = XCBuildConfiguration;
			buildSettings = {
				ALWAYS_SEARCH_USER_PATHS = NO;
				CLANG_ANALYZER_NONNULL = YES;
				CLANG_ANALYZER_NUMBER_OBJECT_CONVERSION = YES_AGGRESSIVE;
				CLANG_CXX_LANGUAGE_STANDARD = "gnu++14";
				CLANG_CXX_LIBRARY = "libc++";
				CLANG_ENABLE_MODULES = YES;
				CLANG_ENABLE_OBJC_ARC = YES;
				CLANG_ENABLE_OBJC_WEAK = YES;
				CLANG_WARN_BLOCK_CAPTURE_AUTORELEASING = YES;
				CLANG_WARN_BOOL_CONVERSION = YES;
				CLANG_WARN_COMMA = YES;
				CLANG_WARN_CONSTANT_CONVERSION = YES;
				CLANG_WARN_DEPRECATED_OBJC_IMPLEMENTATIONS = YES;
				CLANG_WARN_DIRECT_OBJC_ISA_USAGE = YES_ERROR;
				CLANG_WARN_DOCUMENTATION_COMMENTS = YES;
				CLANG_WARN_EMPTY_BODY = YES;
				CLANG_WARN_ENUM_CONVERSION = YES;
				CLANG_WARN_INFINITE_RECURSION = YES;
				CLANG_WARN_INT_CONVERSION = YES;
				CLANG_WARN_NON_LITERAL_NULL_CONVERSION = YES;
				CLANG_WARN_OBJC_IMPLICIT_RETAIN_SELF = YES;
				CLANG_WARN_OBJC_LITERAL_CONVERSION = YES;
				CLANG_WARN_OBJC_ROOT_CLASS = YES_ERROR;
				CLANG_WARN_RANGE_LOOP_ANALYSIS = YES;
				CLANG_WARN_STRICT_PROTOTYPES = YES;
				CLANG_WARN_SUSPICIOUS_MOVE = YES;
				CLANG_WARN_UNGUARDED_AVAILABILITY = YES_AGGRESSIVE;
				CLANG_WARN_UNREACHABLE_CODE = YES;
				CLANG_WARN__DUPLICATE_METHOD_MATCH = YES;
				COPY_PHASE_STRIP = NO;
				DEBUG_INFORMATION_FORMAT = "dwarf-with-dsym";
				ENABLE_NS_ASSERTIONS = NO;
				ENABLE_STRICT_OBJC_MSGSEND = YES;
				GCC_C_LANGUAGE_STANDARD = gnu11;
				GCC_NO_COMMON_BLOCKS = YES;
				GCC_WARN_64_TO_32_BIT_CONVERSION = YES;
				GCC_WARN_ABOUT_RETURN_TYPE = YES_ERROR;
				GCC_WARN_UNDECLARED_SELECTOR = YES;
				GCC_WARN_UNINITIALIZED_AUTOS = YES_AGGRESSIVE;
				GCC_WARN_UNUSED_FUNCTION = YES;
				GCC_WARN_UNUSED_VARIABLE = YES;
				IPHONEOS_DEPLOYMENT_TARGET = 13.4;
				MTL_ENABLE_DEBUG_INFO = NO;
				MTL_FAST_MATH = YES;
				SDKROOT = iphoneos;
				SWIFT_COMPILATION_MODE = wholemodule;
				SWIFT_OPTIMIZATION_LEVEL = "-O";
				VALIDATE_PRODUCT = YES;
			};
			name = Release;
		};
		839CA3C5245F13E100301CB3 /* Debug */ = {
			isa = XCBuildConfiguration;
			buildSettings = {
				ASSETCATALOG_COMPILER_APPICON_NAME = AppIcon;
				CODE_SIGN_STYLE = Automatic;
				DEVELOPMENT_ASSET_PATHS = "\"PhotoRecall/Preview Content\"";
				DEVELOPMENT_TEAM = 45B3ZMSCD4;
				ENABLE_PREVIEWS = YES;
				INFOPLIST_FILE = PhotoRecall/Info.plist;
				LD_RUNPATH_SEARCH_PATHS = (
					"$(inherited)",
					"@executable_path/Frameworks",
				);
				PRODUCT_BUNDLE_IDENTIFIER = com.codepika.PhotoRecall;
				PRODUCT_NAME = "$(TARGET_NAME)";
				SWIFT_VERSION = 5.0;
				TARGETED_DEVICE_FAMILY = "1,2";
			};
			name = Debug;
		};
		839CA3C6245F13E100301CB3 /* Release */ = {
			isa = XCBuildConfiguration;
			buildSettings = {
				ASSETCATALOG_COMPILER_APPICON_NAME = AppIcon;
				CODE_SIGN_STYLE = Automatic;
				DEVELOPMENT_ASSET_PATHS = "\"PhotoRecall/Preview Content\"";
				DEVELOPMENT_TEAM = 45B3ZMSCD4;
				ENABLE_PREVIEWS = YES;
				INFOPLIST_FILE = PhotoRecall/Info.plist;
				LD_RUNPATH_SEARCH_PATHS = (
					"$(inherited)",
					"@executable_path/Frameworks",
				);
				PRODUCT_BUNDLE_IDENTIFIER = com.codepika.PhotoRecall;
				PRODUCT_NAME = "$(TARGET_NAME)";
				SWIFT_VERSION = 5.0;
				TARGETED_DEVICE_FAMILY = "1,2";
			};
			name = Release;
		};
/* End XCBuildConfiguration section */

/* Begin XCConfigurationList section */
		839CA3AB245F13E100301CB3 /* Build configuration list for PBXProject "PhotoRecall" */ = {
			isa = XCConfigurationList;
			buildConfigurations = (
				839CA3C2245F13E100301CB3 /* Debug */,
				839CA3C3245F13E100301CB3 /* Release */,
			);
			defaultConfigurationIsVisible = 0;
			defaultConfigurationName = Release;
		};
		839CA3C4245F13E100301CB3 /* Build configuration list for PBXNativeTarget "PhotoRecall" */ = {
			isa = XCConfigurationList;
			buildConfigurations = (
				839CA3C5245F13E100301CB3 /* Debug */,
				839CA3C6245F13E100301CB3 /* Release */,
			);
			defaultConfigurationIsVisible = 0;
			defaultConfigurationName = Release;
		};
/* End XCConfigurationList section */
	};
	rootObject = 839CA3A8245F13E100301CB3 /* Project object */;
}
