// !$*UTF8*$!
{
	archiveVersion = 1;
	classes = {
	};
	objectVersion = 50;
	objects = {

/* Begin PBXBuildFile section */
		8365E7DF24C799D8008096C8 /* AppDelegate.swift in Sources */ = {isa = PBXBuildFile; fileRef = 8365E7DE24C799D8008096C8 /* AppDelegate.swift */; };
		8365E7E124C799D8008096C8 /* SceneDelegate.swift in Sources */ = {isa = PBXBuildFile; fileRef = 8365E7E024C799D8008096C8 /* SceneDelegate.swift */; };
		8365E7E324C799D8008096C8 /* ContentView.swift in Sources */ = {isa = PBXBuildFile; fileRef = 8365E7E224C799D8008096C8 /* ContentView.swift */; };
		8365E7E524C799D9008096C8 /* Assets.xcassets in Resources */ = {isa = PBXBuildFile; fileRef = 8365E7E424C799D9008096C8 /* Assets.xcassets */; };
		8365E7E824C799D9008096C8 /* Preview Assets.xcassets in Resources */ = {isa = PBXBuildFile; fileRef = 8365E7E724C799D9008096C8 /* Preview Assets.xcassets */; };
		8365E7EB24C799D9008096C8 /* LaunchScreen.storyboard in Resources */ = {isa = PBXBuildFile; fileRef = 8365E7E924C799D9008096C8 /* LaunchScreen.storyboard */; };
		8365E7F324C79A61008096C8 /* FlipModifier.swift in Sources */ = {isa = PBXBuildFile; fileRef = 8365E7F224C79A61008096C8 /* FlipModifier.swift */; };
/* End PBXBuildFile section */

/* Begin PBXFileReference section */
		8365E7DB24C799D8008096C8 /* FlipModifierDemo.app */ = {isa = PBXFileReference; explicitFileType = wrapper.application; includeInIndex = 0; path = FlipModifierDemo.app; sourceTree = BUILT_PRODUCTS_DIR; };
		8365E7DE24C799D8008096C8 /* AppDelegate.swift */ = {isa = PBXFileReference; lastKnownFileType = sourcecode.swift; path = AppDelegate.swift; sourceTree = "<group>"; };
		8365E7E024C799D8008096C8 /* SceneDelegate.swift */ = {isa = PBXFileReference; lastKnownFileType = sourcecode.swift; path = SceneDelegate.swift; sourceTree = "<group>"; };
		8365E7E224C799D8008096C8 /* ContentView.swift */ = {isa = PBXFileReference; lastKnownFileType = sourcecode.swift; path = ContentView.swift; sourceTree = "<group>"; };
		8365E7E424C799D9008096C8 /* Assets.xcassets */ = {isa = PBXFileReference; lastKnownFileType = folder.assetcatalog; path = Assets.xcassets; sourceTree = "<group>"; };
		8365E7E724C799D9008096C8 /* Preview Assets.xcassets */ = {isa = PBXFileReference; lastKnownFileType = folder.assetcatalog; path = "Preview Assets.xcassets"; sourceTree = "<group>"; };
		8365E7EA24C799D9008096C8 /* Base */ = {isa = PBXFileReference; lastKnownFileType = file.storyboard; name = Base; path = Base.lproj/LaunchScreen.storyboard; sourceTree = "<group>"; };
		8365E7EC24C799D9008096C8 /* Info.plist */ = {isa = PBXFileReference; lastKnownFileType = text.plist.xml; path = Info.plist; sourceTree = "<group>"; };
		8365E7F224C79A61008096C8 /* FlipModifier.swift */ = {isa = PBXFileReference; lastKnownFileType = sourcecode.swift; path = FlipModifier.swift; sourceTree = SOURCE_ROOT; };
/* End PBXFileReference section */

/* Begin PBXFrameworksBuildPhase section */
		8365E7D824C799D8008096C8 /* Frameworks */ = {
			isa = PBXFrameworksBuildPhase;
			buildActionMask = 2147483647;
			files = (
			);
			runOnlyForDeploymentPostprocessing = 0;
		};
/* End PBXFrameworksBuildPhase section */

/* Begin PBXGroup section */
		8365E7D224C799D8008096C8 = {
			isa = PBXGroup;
			children = (
				8365E7DD24C799D8008096C8 /* FlipModifierDemo */,
				8365E7DC24C799D8008096C8 /* Products */,
			);
			sourceTree = "<group>";
		};
		8365E7DC24C799D8008096C8 /* Products */ = {
			isa = PBXGroup;
			children = (
				8365E7DB24C799D8008096C8 /* FlipModifierDemo.app */,
			);
			name = Products;
			sourceTree = "<group>";
		};
		8365E7DD24C799D8008096C8 /* FlipModifierDemo */ = {
			isa = PBXGroup;
			children = (
				8365E7DE24C799D8008096C8 /* AppDelegate.swift */,
				8365E7E024C799D8008096C8 /* SceneDelegate.swift */,
				8365E7F224C79A61008096C8 /* FlipModifier.swift */,
				8365E7E224C799D8008096C8 /* ContentView.swift */,
				8365E7E424C799D9008096C8 /* Assets.xcassets */,
				8365E7E924C799D9008096C8 /* LaunchScreen.storyboard */,
				8365E7EC24C799D9008096C8 /* Info.plist */,
				8365E7E624C799D9008096C8 /* Preview Content */,
			);
			path = FlipModifierDemo;
			sourceTree = "<group>";
		};
		8365E7E624C799D9008096C8 /* Preview Content */ = {
			isa = PBXGroup;
			children = (
				8365E7E724C799D9008096C8 /* Preview Assets.xcassets */,
			);
			path = "Preview Content";
			sourceTree = "<group>";
		};
/* End PBXGroup section */

/* Begin PBXNativeTarget section */
		8365E7DA24C799D8008096C8 /* FlipModifierDemo */ = {
			isa = PBXNativeTarget;
			buildConfigurationList = 8365E7EF24C799D9008096C8 /* Build configuration list for PBXNativeTarget "FlipModifierDemo" */;
			buildPhases = (
				8365E7D724C799D8008096C8 /* Sources */,
				8365E7D824C799D8008096C8 /* Frameworks */,
				8365E7D924C799D8008096C8 /* Resources */,
			);
			buildRules = (
			);
			dependencies = (
			);
			name = FlipModifierDemo;
			productName = FlipModifierDemo;
			productReference = 8365E7DB24C799D8008096C8 /* FlipModifierDemo.app */;
			productType = "com.apple.product-type.application";
		};
/* End PBXNativeTarget section */

/* Begin PBXProject section */
		8365E7D324C799D8008096C8 /* Project object */ = {
			isa = PBXProject;
			attributes = {
				LastSwiftUpdateCheck = 1160;
				LastUpgradeCheck = 1160;
				ORGANIZATIONNAME = CodePika;
				TargetAttributes = {
					8365E7DA24C799D8008096C8 = {
						CreatedOnToolsVersion = 11.6;
					};
				};
			};
			buildConfigurationList = 8365E7D624C799D8008096C8 /* Build configuration list for PBXProject "FlipModifierDemo" */;
			compatibilityVersion = "Xcode 9.3";
			developmentRegion = en;
			hasScannedForEncodings = 0;
			knownRegions = (
				en,
				Base,
			);
			mainGroup = 8365E7D224C799D8008096C8;
			productRefGroup = 8365E7DC24C799D8008096C8 /* Products */;
			projectDirPath = "";
			projectRoot = "";
			targets = (
				8365E7DA24C799D8008096C8 /* FlipModifierDemo */,
			);
		};
/* End PBXProject section */

/* Begin PBXResourcesBuildPhase section */
		8365E7D924C799D8008096C8 /* Resources */ = {
			isa = PBXResourcesBuildPhase;
			buildActionMask = 2147483647;
			files = (
				8365E7EB24C799D9008096C8 /* LaunchScreen.storyboard in Resources */,
				8365E7E824C799D9008096C8 /* Preview Assets.xcassets in Resources */,
				8365E7E524C799D9008096C8 /* Assets.xcassets in Resources */,
			);
			runOnlyForDeploymentPostprocessing = 0;
		};
/* End PBXResourcesBuildPhase section */

/* Begin PBXSourcesBuildPhase section */
		8365E7D724C799D8008096C8 /* Sources */ = {
			isa = PBXSourcesBuildPhase;
			buildActionMask = 2147483647;
			files = (
				8365E7DF24C799D8008096C8 /* AppDelegate.swift in Sources */,
				8365E7E124C799D8008096C8 /* SceneDelegate.swift in Sources */,
				8365E7E324C799D8008096C8 /* ContentView.swift in Sources */,
				8365E7F324C79A61008096C8 /* FlipModifier.swift in Sources */,
			);
			runOnlyForDeploymentPostprocessing = 0;
		};
/* End PBXSourcesBuildPhase section */

/* Begin PBXVariantGroup section */
		8365E7E924C799D9008096C8 /* LaunchScreen.storyboard */ = {
			isa = PBXVariantGroup;
			children = (
				8365E7EA24C799D9008096C8 /* Base */,
			);
			name = LaunchScreen.storyboard;
			sourceTree = "<group>";
		};
/* End PBXVariantGroup section */

/* Begin XCBuildConfiguration section */
		8365E7ED24C799D9008096C8 /* Debug */ = {
			isa = XCBuildConfiguration;
			buildSettings = {
				ALWAYS_SEARCH_USER_PATHS = NO;
				CLANG_ANALYZER_NONNULL = YES;
				CLANG_ANALYZER_NUMBER_OBJECT_CONVERSION = YES_AGGRESSIVE;
				CLANG_CXX_LANGUAGE_STANDARD = "gnu++14";
				CLANG_CXX_LIBRARY = "libc++";
				CLANG_ENABLE_MODULES = YES;
				CLANG_ENABLE_OBJC_ARC = YES;
				CLANG_ENABLE_OBJC_WEAK = YES;
				CLANG_WARN_BLOCK_CAPTURE_AUTORELEASING = YES;
				CLANG_WARN_BOOL_CONVERSION = YES;
				CLANG_WARN_COMMA = YES;
				CLANG_WARN_CONSTANT_CONVERSION = YES;
				CLANG_WARN_DEPRECATED_OBJC_IMPLEMENTATIONS = YES;
				CLANG_WARN_DIRECT_OBJC_ISA_USAGE = YES_ERROR;
				CLANG_WARN_DOCUMENTATION_COMMENTS = YES;
				CLANG_WARN_EMPTY_BODY = YES;
				CLANG_WARN_ENUM_CONVERSION = YES;
				CLANG_WARN_INFINITE_RECURSION = YES;
				CLANG_WARN_INT_CONVERSION = YES;
				CLANG_WARN_NON_LITERAL_NULL_CONVERSION = YES;
				CLANG_WARN_OBJC_IMPLICIT_RETAIN_SELF = YES;
				CLANG_WARN_OBJC_LITERAL_CONVERSION = YES;
				CLANG_WARN_OBJC_ROOT_CLASS = YES_ERROR;
				CLANG_WARN_RANGE_LOOP_ANALYSIS = YES;
				CLANG_WARN_STRICT_PROTOTYPES = YES;
				CLANG_WARN_SUSPICIOUS_MOVE = YES;
				CLANG_WARN_UNGUARDED_AVAILABILITY = YES_AGGRESSIVE;
				CLANG_WARN_UNREACHABLE_CODE = YES;
				CLANG_WARN__DUPLICATE_METHOD_MATCH = YES;
				COPY_PHASE_STRIP = NO;
				DEBUG_INFORMATION_FORMAT = dwarf;
				ENABLE_STRICT_OBJC_MSGSEND = YES;
				ENABLE_TESTABILITY = YES;
				GCC_C_LANGUAGE_STANDARD = gnu11;
				GCC_DYNAMIC_NO_PIC = NO;
				GCC_NO_COMMON_BLOCKS = YES;
				GCC_OPTIMIZATION_LEVEL = 0;
				GCC_PREPROCESSOR_DEFINITIONS = (
					"DEBUG=1",
					"$(inherited)",
				);
				GCC_WARN_64_TO_32_BIT_CONVERSION = YES;
				GCC_WARN_ABOUT_RETURN_TYPE = YES_ERROR;
				GCC_WARN_UNDECLARED_SELECTOR = YES;
				GCC_WARN_UNINITIALIZED_AUTOS = YES_AGGRESSIVE;
				GCC_WARN_UNUSED_FUNCTION = YES;
				GCC_WARN_UNUSED_VARIABLE = YES;
				IPHONEOS_DEPLOYMENT_TARGET = 13.6;
				MTL_ENABLE_DEBUG_INFO = INCLUDE_SOURCE;
				MTL_FAST_MATH = YES;
				ONLY_ACTIVE_ARCH = YES;
				SDKROOT = iphoneos;
				SWIFT_ACTIVE_COMPILATION_CONDITIONS = DEBUG;
				SWIFT_OPTIMIZATION_LEVEL = "-Onone";
			};
			name = Debug;
		};
		8365E7EE24C799D9008096C8 /* Release */ = {
			isa = XCBuildConfiguration;
			buildSettings = {
				ALWAYS_SEARCH_USER_PATHS = NO;
				CLANG_ANALYZER_NONNULL = YES;
				CLANG_ANALYZER_NUMBER_OBJECT_CONVERSION = YES_AGGRESSIVE;
				CLANG_CXX_LANGUAGE_STANDARD = "gnu++14";
				CLANG_CXX_LIBRARY = "libc++";
				CLANG_ENABLE_MODULES = YES;
				CLANG_ENABLE_OBJC_ARC = YES;
				CLANG_ENABLE_OBJC_WEAK = YES;
				CLANG_WARN_BLOCK_CAPTURE_AUTORELEASING = YES;
				CLANG_WARN_BOOL_CONVERSION = YES;
				CLANG_WARN_COMMA = YES;
				CLANG_WARN_CONSTANT_CONVERSION = YES;
				CLANG_WARN_DEPRECATED_OBJC_IMPLEMENTATIONS = YES;
				CLANG_WARN_DIRECT_OBJC_ISA_USAGE = YES_ERROR;
				CLANG_WARN_DOCUMENTATION_COMMENTS = YES;
				CLANG_WARN_EMPTY_BODY = YES;
				CLANG_WARN_ENUM_CONVERSION = YES;
				CLANG_WARN_INFINITE_RECURSION = YES;
				CLANG_WARN_INT_CONVERSION = YES;
				CLANG_WARN_NON_LITERAL_NULL_CONVERSION = YES;
				CLANG_WARN_OBJC_IMPLICIT_RETAIN_SELF = YES;
				CLANG_WARN_OBJC_LITERAL_CONVERSION = YES;
				CLANG_WARN_OBJC_ROOT_CLASS = YES_ERROR;
				CLANG_WARN_RANGE_LOOP_ANALYSIS = YES;
				CLANG_WARN_STRICT_PROTOTYPES = YES;
				CLANG_WARN_SUSPICIOUS_MOVE = YES;
				CLANG_WARN_UNGUARDED_AVAILABILITY = YES_AGGRESSIVE;
				CLANG_WARN_UNREACHABLE_CODE = YES;
				CLANG_WARN__DUPLICATE_METHOD_MATCH = YES;
				COPY_PHASE_STRIP = NO;
				DEBUG_INFORMATION_FORMAT = "dwarf-with-dsym";
				ENABLE_NS_ASSERTIONS = NO;
				ENABLE_STRICT_OBJC_MSGSEND = YES;
				GCC_C_LANGUAGE_STANDARD = gnu11;
				GCC_NO_COMMON_BLOCKS = YES;
				GCC_WARN_64_TO_32_BIT_CONVERSION = YES;
				GCC_WARN_ABOUT_RETURN_TYPE = YES_ERROR;
				GCC_WARN_UNDECLARED_SELECTOR = YES;
				GCC_WARN_UNINITIALIZED_AUTOS = YES_AGGRESSIVE;
				GCC_WARN_UNUSED_FUNCTION = YES;
				GCC_WARN_UNUSED_VARIABLE = YES;
				IPHONEOS_DEPLOYMENT_TARGET = 13.6;
				MTL_ENABLE_DEBUG_INFO = NO;
				MTL_FAST_MATH = YES;
				SDKROOT = iphoneos;
				SWIFT_COMPILATION_MODE = wholemodule;
				SWIFT_OPTIMIZATION_LEVEL = "-O";
				VALIDATE_PRODUCT = YES;
			};
			name = Release;
		};
		8365E7F024C799D9008096C8 /* Debug */ = {
			isa = XCBuildConfiguration;
			buildSettings = {
				ASSETCATALOG_COMPILER_APPICON_NAME = AppIcon;
				CODE_SIGN_STYLE = Automatic;
				DEVELOPMENT_ASSET_PATHS = "\"FlipModifierDemo/Preview Content\"";
				DEVELOPMENT_TEAM = 45B3ZMSCD4;
				ENABLE_PREVIEWS = YES;
				INFOPLIST_FILE = FlipModifierDemo/Info.plist;
				IPHONEOS_DEPLOYMENT_TARGET = 13.5;
				LD_RUNPATH_SEARCH_PATHS = (
					"$(inherited)",
					"@executable_path/Frameworks",
				);
				PRODUCT_BUNDLE_IDENTIFIER = com.codepika.FlipModifierDemo;
				PRODUCT_NAME = "$(TARGET_NAME)";
				SWIFT_VERSION = 5.0;
				TARGETED_DEVICE_FAMILY = "1,2";
			};
			name = Debug;
		};
		8365E7F124C799D9008096C8 /* Release */ = {
			isa = XCBuildConfiguration;
			buildSettings = {
				ASSETCATALOG_COMPILER_APPICON_NAME = AppIcon;
				CODE_SIGN_STYLE = Automatic;
				DEVELOPMENT_ASSET_PATHS = "\"FlipModifierDemo/Preview Content\"";
				DEVELOPMENT_TEAM = 45B3ZMSCD4;
				ENABLE_PREVIEWS = YES;
				INFOPLIST_FILE = FlipModifierDemo/Info.plist;
				IPHONEOS_DEPLOYMENT_TARGET = 13.5;
				LD_RUNPATH_SEARCH_PATHS = (
					"$(inherited)",
					"@executable_path/Frameworks",
				);
				PRODUCT_BUNDLE_IDENTIFIER = com.codepika.FlipModifierDemo;
				PRODUCT_NAME = "$(TARGET_NAME)";
				SWIFT_VERSION = 5.0;
				TARGETED_DEVICE_FAMILY = "1,2";
			};
			name = Release;
		};
/* End XCBuildConfiguration section */

/* Begin XCConfigurationList section */
		8365E7D624C799D8008096C8 /* Build configuration list for PBXProject "FlipModifierDemo" */ = {
			isa = XCConfigurationList;
			buildConfigurations = (
				8365E7ED24C799D9008096C8 /* Debug */,
				8365E7EE24C799D9008096C8 /* Release */,
			);
			defaultConfigurationIsVisible = 0;
			defaultConfigurationName = Release;
		};
		8365E7EF24C799D9008096C8 /* Build configuration list for PBXNativeTarget "FlipModifierDemo" */ = {
			isa = XCConfigurationList;
			buildConfigurations = (
				8365E7F024C799D9008096C8 /* Debug */,
				8365E7F124C799D9008096C8 /* Release */,
			);
			defaultConfigurationIsVisible = 0;
			defaultConfigurationName = Release;
		};
/* End XCConfigurationList section */
	};
	rootObject = 8365E7D324C799D8008096C8 /* Project object */;
}
