// !$*UTF8*$!
{
	archiveVersion = 1;
	classes = {
	};
	objectVersion = 50;
	objects = {

/* Begin PBXBuildFile section */
		837411CB245744E800011005 /* User.swift in Sources */ = {isa = PBXBuildFile; fileRef = 837411CA245744E800011005 /* User.swift */; };
		83D6CD162456066C008CC790 /* AppDelegate.swift in Sources */ = {isa = PBXBuildFile; fileRef = 83D6CD152456066C008CC790 /* AppDelegate.swift */; };
		83D6CD182456066C008CC790 /* SceneDelegate.swift in Sources */ = {isa = PBXBuildFile; fileRef = 83D6CD172456066C008CC790 /* SceneDelegate.swift */; };
		83D6CD1B2456066C008CC790 /* Friendster.xcdatamodeld in Sources */ = {isa = PBXBuildFile; fileRef = 83D6CD192456066C008CC790 /* Friendster.xcdatamodeld */; };
		83D6CD1D2456066C008CC790 /* ContentView.swift in Sources */ = {isa = PBXBuildFile; fileRef = 83D6CD1C2456066C008CC790 /* ContentView.swift */; };
		83D6CD1F2456066C008CC790 /* Assets.xcassets in Resources */ = {isa = PBXBuildFile; fileRef = 83D6CD1E2456066C008CC790 /* Assets.xcassets */; };
		83D6CD222456066C008CC790 /* Preview Assets.xcassets in Resources */ = {isa = PBXBuildFile; fileRef = 83D6CD212456066C008CC790 /* Preview Assets.xcassets */; };
		83D6CD252456066C008CC790 /* LaunchScreen.storyboard in Resources */ = {isa = PBXBuildFile; fileRef = 83D6CD232456066C008CC790 /* LaunchScreen.storyboard */; };
		83D6CD2F245633D9008CC790 /* Users.swift in Sources */ = {isa = PBXBuildFile; fileRef = 83D6CD2E245633D9008CC790 /* Users.swift */; };
		83D6CD31245657B2008CC790 /* UserView.swift in Sources */ = {isa = PBXBuildFile; fileRef = 83D6CD30245657B2008CC790 /* UserView.swift */; };
/* End PBXBuildFile section */

/* Begin PBXFileReference section */
		837411CA245744E800011005 /* User.swift */ = {isa = PBXFileReference; fileEncoding = 4; lastKnownFileType = sourcecode.swift; path = User.swift; sourceTree = "<group>"; };
		83D6CD122456066C008CC790 /* Friendster.app */ = {isa = PBXFileReference; explicitFileType = wrapper.application; includeInIndex = 0; path = Friendster.app; sourceTree = BUILT_PRODUCTS_DIR; };
		83D6CD152456066C008CC790 /* AppDelegate.swift */ = {isa = PBXFileReference; lastKnownFileType = sourcecode.swift; path = AppDelegate.swift; sourceTree = "<group>"; };
		83D6CD172456066C008CC790 /* SceneDelegate.swift */ = {isa = PBXFileReference; lastKnownFileType = sourcecode.swift; path = SceneDelegate.swift; sourceTree = "<group>"; };
		83D6CD1A2456066C008CC790 /* Friendster.xcdatamodel */ = {isa = PBXFileReference; lastKnownFileType = wrapper.xcdatamodel; path = Friendster.xcdatamodel; sourceTree = "<group>"; };
		83D6CD1C2456066C008CC790 /* ContentView.swift */ = {isa = PBXFileReference; lastKnownFileType = sourcecode.swift; path = ContentView.swift; sourceTree = "<group>"; };
		83D6CD1E2456066C008CC790 /* Assets.xcassets */ = {isa = PBXFileReference; lastKnownFileType = folder.assetcatalog; path = Assets.xcassets; sourceTree = "<group>"; };
		83D6CD212456066C008CC790 /* Preview Assets.xcassets */ = {isa = PBXFileReference; lastKnownFileType = folder.assetcatalog; path = "Preview Assets.xcassets"; sourceTree = "<group>"; };
		83D6CD242456066C008CC790 /* Base */ = {isa = PBXFileReference; lastKnownFileType = file.storyboard; name = Base; path = Base.lproj/LaunchScreen.storyboard; sourceTree = "<group>"; };
		83D6CD262456066C008CC790 /* Info.plist */ = {isa = PBXFileReference; lastKnownFileType = text.plist.xml; path = Info.plist; sourceTree = "<group>"; };
		83D6CD2E245633D9008CC790 /* Users.swift */ = {isa = PBXFileReference; lastKnownFileType = sourcecode.swift; path = Users.swift; sourceTree = "<group>"; };
		83D6CD30245657B2008CC790 /* UserView.swift */ = {isa = PBXFileReference; lastKnownFileType = sourcecode.swift; path = UserView.swift; sourceTree = "<group>"; };
/* End PBXFileReference section */

/* Begin PBXFrameworksBuildPhase section */
		83D6CD0F2456066C008CC790 /* Frameworks */ = {
			isa = PBXFrameworksBuildPhase;
			buildActionMask = 2147483647;
			files = (
			);
			runOnlyForDeploymentPostprocessing = 0;
		};
/* End PBXFrameworksBuildPhase section */

/* Begin PBXGroup section */
		83D6CD092456066C008CC790 = {
			isa = PBXGroup;
			children = (
				83D6CD142456066C008CC790 /* Friendster */,
				83D6CD132456066C008CC790 /* Products */,
			);
			sourceTree = "<group>";
		};
		83D6CD132456066C008CC790 /* Products */ = {
			isa = PBXGroup;
			children = (
				83D6CD122456066C008CC790 /* Friendster.app */,
			);
			name = Products;
			sourceTree = "<group>";
		};
		83D6CD142456066C008CC790 /* Friendster */ = {
			isa = PBXGroup;
			children = (
				83D6CD152456066C008CC790 /* AppDelegate.swift */,
				83D6CD172456066C008CC790 /* SceneDelegate.swift */,
				837411CA245744E800011005 /* User.swift */,
				83D6CD2E245633D9008CC790 /* Users.swift */,
				83D6CD1C2456066C008CC790 /* ContentView.swift */,
				83D6CD30245657B2008CC790 /* UserView.swift */,
				83D6CD1E2456066C008CC790 /* Assets.xcassets */,
				83D6CD232456066C008CC790 /* LaunchScreen.storyboard */,
				83D6CD262456066C008CC790 /* Info.plist */,
				83D6CD192456066C008CC790 /* Friendster.xcdatamodeld */,
				83D6CD202456066C008CC790 /* Preview Content */,
			);
			path = Friendster;
			sourceTree = "<group>";
		};
		83D6CD202456066C008CC790 /* Preview Content */ = {
			isa = PBXGroup;
			children = (
				83D6CD212456066C008CC790 /* Preview Assets.xcassets */,
			);
			path = "Preview Content";
			sourceTree = "<group>";
		};
/* End PBXGroup section */

/* Begin PBXNativeTarget section */
		83D6CD112456066C008CC790 /* Friendster */ = {
			isa = PBXNativeTarget;
			buildConfigurationList = 83D6CD292456066C008CC790 /* Build configuration list for PBXNativeTarget "Friendster" */;
			buildPhases = (
				83D6CD0E2456066C008CC790 /* Sources */,
				83D6CD0F2456066C008CC790 /* Frameworks */,
				83D6CD102456066C008CC790 /* Resources */,
			);
			buildRules = (
			);
			dependencies = (
			);
			name = Friendster;
			productName = Friendster;
			productReference = 83D6CD122456066C008CC790 /* Friendster.app */;
			productType = "com.apple.product-type.application";
		};
/* End PBXNativeTarget section */

/* Begin PBXProject section */
		83D6CD0A2456066C008CC790 /* Project object */ = {
			isa = PBXProject;
			attributes = {
				LastSwiftUpdateCheck = 1140;
				LastUpgradeCheck = 1140;
				ORGANIZATIONNAME = CodePika;
				TargetAttributes = {
					83D6CD112456066C008CC790 = {
						CreatedOnToolsVersion = 11.4.1;
					};
				};
			};
			buildConfigurationList = 83D6CD0D2456066C008CC790 /* Build configuration list for PBXProject "Friendster" */;
			compatibilityVersion = "Xcode 9.3";
			developmentRegion = en;
			hasScannedForEncodings = 0;
			knownRegions = (
				en,
				Base,
			);
			mainGroup = 83D6CD092456066C008CC790;
			productRefGroup = 83D6CD132456066C008CC790 /* Products */;
			projectDirPath = "";
			projectRoot = "";
			targets = (
				83D6CD112456066C008CC790 /* Friendster */,
			);
		};
/* End PBXProject section */

/* Begin PBXResourcesBuildPhase section */
		83D6CD102456066C008CC790 /* Resources */ = {
			isa = PBXResourcesBuildPhase;
			buildActionMask = 2147483647;
			files = (
				83D6CD252456066C008CC790 /* LaunchScreen.storyboard in Resources */,
				83D6CD222456066C008CC790 /* Preview Assets.xcassets in Resources */,
				83D6CD1F2456066C008CC790 /* Assets.xcassets in Resources */,
			);
			runOnlyForDeploymentPostprocessing = 0;
		};
/* End PBXResourcesBuildPhase section */

/* Begin PBXSourcesBuildPhase section */
		83D6CD0E2456066C008CC790 /* Sources */ = {
			isa = PBXSourcesBuildPhase;
			buildActionMask = 2147483647;
			files = (
				83D6CD162456066C008CC790 /* AppDelegate.swift in Sources */,
				83D6CD1B2456066C008CC790 /* Friendster.xcdatamodeld in Sources */,
				83D6CD1D2456066C008CC790 /* ContentView.swift in Sources */,
				83D6CD2F245633D9008CC790 /* Users.swift in Sources */,
				83D6CD182456066C008CC790 /* SceneDelegate.swift in Sources */,
				83D6CD31245657B2008CC790 /* UserView.swift in Sources */,
				837411CB245744E800011005 /* User.swift in Sources */,
			);
			runOnlyForDeploymentPostprocessing = 0;
		};
/* End PBXSourcesBuildPhase section */

/* Begin PBXVariantGroup section */
		83D6CD232456066C008CC790 /* LaunchScreen.storyboard */ = {
			isa = PBXVariantGroup;
			children = (
				83D6CD242456066C008CC790 /* Base */,
			);
			name = LaunchScreen.storyboard;
			sourceTree = "<group>";
		};
/* End PBXVariantGroup section */

/* Begin XCBuildConfiguration section */
		83D6CD272456066C008CC790 /* Debug */ = {
			isa = XCBuildConfiguration;
			buildSettings = {
				ALWAYS_SEARCH_USER_PATHS = NO;
				CLANG_ANALYZER_NONNULL = YES;
				CLANG_ANALYZER_NUMBER_OBJECT_CONVERSION = YES_AGGRESSIVE;
				CLANG_CXX_LANGUAGE_STANDARD = "gnu++14";
				CLANG_CXX_LIBRARY = "libc++";
				CLANG_ENABLE_MODULES = YES;
				CLANG_ENABLE_OBJC_ARC = YES;
				CLANG_ENABLE_OBJC_WEAK = YES;
				CLANG_WARN_BLOCK_CAPTURE_AUTORELEASING = YES;
				CLANG_WARN_BOOL_CONVERSION = YES;
				CLANG_WARN_COMMA = YES;
				CLANG_WARN_CONSTANT_CONVERSION = YES;
				CLANG_WARN_DEPRECATED_OBJC_IMPLEMENTATIONS = YES;
				CLANG_WARN_DIRECT_OBJC_ISA_USAGE = YES_ERROR;
				CLANG_WARN_DOCUMENTATION_COMMENTS = YES;
				CLANG_WARN_EMPTY_BODY = YES;
				CLANG_WARN_ENUM_CONVERSION = YES;
				CLANG_WARN_INFINITE_RECURSION = YES;
				CLANG_WARN_INT_CONVERSION = YES;
				CLANG_WARN_NON_LITERAL_NULL_CONVERSION = YES;
				CLANG_WARN_OBJC_IMPLICIT_RETAIN_SELF = YES;
				CLANG_WARN_OBJC_LITERAL_CONVERSION = YES;
				CLANG_WARN_OBJC_ROOT_CLASS = YES_ERROR;
				CLANG_WARN_RANGE_LOOP_ANALYSIS = YES;
				CLANG_WARN_STRICT_PROTOTYPES = YES;
				CLANG_WARN_SUSPICIOUS_MOVE = YES;
				CLANG_WARN_UNGUARDED_AVAILABILITY = YES_AGGRESSIVE;
				CLANG_WARN_UNREACHABLE_CODE = YES;
				CLANG_WARN__DUPLICATE_METHOD_MATCH = YES;
				COPY_PHASE_STRIP = NO;
				DEBUG_INFORMATION_FORMAT = dwarf;
				ENABLE_STRICT_OBJC_MSGSEND = YES;
				ENABLE_TESTABILITY = YES;
				GCC_C_LANGUAGE_STANDARD = gnu11;
				GCC_DYNAMIC_NO_PIC = NO;
				GCC_NO_COMMON_BLOCKS = YES;
				GCC_OPTIMIZATION_LEVEL = 0;
				GCC_PREPROCESSOR_DEFINITIONS = (
					"DEBUG=1",
					"$(inherited)",
				);
				GCC_WARN_64_TO_32_BIT_CONVERSION = YES;
				GCC_WARN_ABOUT_RETURN_TYPE = YES_ERROR;
				GCC_WARN_UNDECLARED_SELECTOR = YES;
				GCC_WARN_UNINITIALIZED_AUTOS = YES_AGGRESSIVE;
				GCC_WARN_UNUSED_FUNCTION = YES;
				GCC_WARN_UNUSED_VARIABLE = YES;
				IPHONEOS_DEPLOYMENT_TARGET = 13.4;
				MTL_ENABLE_DEBUG_INFO = INCLUDE_SOURCE;
				MTL_FAST_MATH = YES;
				ONLY_ACTIVE_ARCH = YES;
				SDKROOT = iphoneos;
				SWIFT_ACTIVE_COMPILATION_CONDITIONS = DEBUG;
				SWIFT_OPTIMIZATION_LEVEL = "-Onone";
			};
			name = Debug;
		};
		83D6CD282456066C008CC790 /* Release */ = {
			isa = XCBuildConfiguration;
			buildSettings = {
				ALWAYS_SEARCH_USER_PATHS = NO;
				CLANG_ANALYZER_NONNULL = YES;
				CLANG_ANALYZER_NUMBER_OBJECT_CONVERSION = YES_AGGRESSIVE;
				CLANG_CXX_LANGUAGE_STANDARD = "gnu++14";
				CLANG_CXX_LIBRARY = "libc++";
				CLANG_ENABLE_MODULES = YES;
				CLANG_ENABLE_OBJC_ARC = YES;
				CLANG_ENABLE_OBJC_WEAK = YES;
				CLANG_WARN_BLOCK_CAPTURE_AUTORELEASING = YES;
				CLANG_WARN_BOOL_CONVERSION = YES;
				CLANG_WARN_COMMA = YES;
				CLANG_WARN_CONSTANT_CONVERSION = YES;
				CLANG_WARN_DEPRECATED_OBJC_IMPLEMENTATIONS = YES;
				CLANG_WARN_DIRECT_OBJC_ISA_USAGE = YES_ERROR;
				CLANG_WARN_DOCUMENTATION_COMMENTS = YES;
				CLANG_WARN_EMPTY_BODY = YES;
				CLANG_WARN_ENUM_CONVERSION = YES;
				CLANG_WARN_INFINITE_RECURSION = YES;
				CLANG_WARN_INT_CONVERSION = YES;
				CLANG_WARN_NON_LITERAL_NULL_CONVERSION = YES;
				CLANG_WARN_OBJC_IMPLICIT_RETAIN_SELF = YES;
				CLANG_WARN_OBJC_LITERAL_CONVERSION = YES;
				CLANG_WARN_OBJC_ROOT_CLASS = YES_ERROR;
				CLANG_WARN_RANGE_LOOP_ANALYSIS = YES;
				CLANG_WARN_STRICT_PROTOTYPES = YES;
				CLANG_WARN_SUSPICIOUS_MOVE = YES;
				CLANG_WARN_UNGUARDED_AVAILABILITY = YES_AGGRESSIVE;
				CLANG_WARN_UNREACHABLE_CODE = YES;
				CLANG_WARN__DUPLICATE_METHOD_MATCH = YES;
				COPY_PHASE_STRIP = NO;
				DEBUG_INFORMATION_FORMAT = "dwarf-with-dsym";
				ENABLE_NS_ASSERTIONS = NO;
				ENABLE_STRICT_OBJC_MSGSEND = YES;
				GCC_C_LANGUAGE_STANDARD = gnu11;
				GCC_NO_COMMON_BLOCKS = YES;
				GCC_WARN_64_TO_32_BIT_CONVERSION = YES;
				GCC_WARN_ABOUT_RETURN_TYPE = YES_ERROR;
				GCC_WARN_UNDECLARED_SELECTOR = YES;
				GCC_WARN_UNINITIALIZED_AUTOS = YES_AGGRESSIVE;
				GCC_WARN_UNUSED_FUNCTION = YES;
				GCC_WARN_UNUSED_VARIABLE = YES;
				IPHONEOS_DEPLOYMENT_TARGET = 13.4;
				MTL_ENABLE_DEBUG_INFO = NO;
				MTL_FAST_MATH = YES;
				SDKROOT = iphoneos;
				SWIFT_COMPILATION_MODE = wholemodule;
				SWIFT_OPTIMIZATION_LEVEL = "-O";
				VALIDATE_PRODUCT = YES;
			};
			name = Release;
		};
		83D6CD2A2456066C008CC790 /* Debug */ = {
			isa = XCBuildConfiguration;
			buildSettings = {
				ASSETCATALOG_COMPILER_APPICON_NAME = AppIcon;
				CODE_SIGN_STYLE = Automatic;
				DEVELOPMENT_ASSET_PATHS = "\"Friendster/Preview Content\"";
				DEVELOPMENT_TEAM = 45B3ZMSCD4;
				ENABLE_PREVIEWS = YES;
				INFOPLIST_FILE = Friendster/Info.plist;
				LD_RUNPATH_SEARCH_PATHS = (
					"$(inherited)",
					"@executable_path/Frameworks",
				);
				PRODUCT_BUNDLE_IDENTIFIER = com.codepika.Friendster;
				PRODUCT_NAME = "$(TARGET_NAME)";
				SWIFT_VERSION = 5.0;
				TARGETED_DEVICE_FAMILY = "1,2";
			};
			name = Debug;
		};
		83D6CD2B2456066C008CC790 /* Release */ = {
			isa = XCBuildConfiguration;
			buildSettings = {
				ASSETCATALOG_COMPILER_APPICON_NAME = AppIcon;
				CODE_SIGN_STYLE = Automatic;
				DEVELOPMENT_ASSET_PATHS = "\"Friendster/Preview Content\"";
				DEVELOPMENT_TEAM = 45B3ZMSCD4;
				ENABLE_PREVIEWS = YES;
				INFOPLIST_FILE = Friendster/Info.plist;
				LD_RUNPATH_SEARCH_PATHS = (
					"$(inherited)",
					"@executable_path/Frameworks",
				);
				PRODUCT_BUNDLE_IDENTIFIER = com.codepika.Friendster;
				PRODUCT_NAME = "$(TARGET_NAME)";
				SWIFT_VERSION = 5.0;
				TARGETED_DEVICE_FAMILY = "1,2";
			};
			name = Release;
		};
/* End XCBuildConfiguration section */

/* Begin XCConfigurationList section */
		83D6CD0D2456066C008CC790 /* Build configuration list for PBXProject "Friendster" */ = {
			isa = XCConfigurationList;
			buildConfigurations = (
				83D6CD272456066C008CC790 /* Debug */,
				83D6CD282456066C008CC790 /* Release */,
			);
			defaultConfigurationIsVisible = 0;
			defaultConfigurationName = Release;
		};
		83D6CD292456066C008CC790 /* Build configuration list for PBXNativeTarget "Friendster" */ = {
			isa = XCConfigurationList;
			buildConfigurations = (
				83D6CD2A2456066C008CC790 /* Debug */,
				83D6CD2B2456066C008CC790 /* Release */,
			);
			defaultConfigurationIsVisible = 0;
			defaultConfigurationName = Release;
		};
/* End XCConfigurationList section */

/* Begin XCVersionGroup section */
		83D6CD192456066C008CC790 /* Friendster.xcdatamodeld */ = {
			isa = XCVersionGroup;
			children = (
				83D6CD1A2456066C008CC790 /* Friendster.xcdatamodel */,
			);
			currentVersion = 83D6CD1A2456066C008CC790 /* Friendster.xcdatamodel */;
			path = Friendster.xcdatamodeld;
			sourceTree = "<group>";
			versionGroupType = wrapper.xcdatamodel;
		};
/* End XCVersionGroup section */
	};
	rootObject = 83D6CD0A2456066C008CC790 /* Project object */;
}
